
Microsoft Visual Studio Solution File, Format Version 12.00
# Visual Studio 15
VisualStudioVersion = 15.0.27703.2042
MinimumVisualStudioVersion = 10.0.40219.1
Project("{FAE04EC0-301F-11D3-BF4B-00C04F79EFBC}") = "MyList.DAL.Test", "MyList.DAL.Test\MyList.DAL.Test.csproj", "{B8407479-6894-4C8F-9A58-065B765C70CC}"
EndProject
Project("{9A19103F-16F7-4668-BE54-9A1E7A4F7556}") = "MyList", "MyList1\MyList\MyList.csproj", "{F8B0606B-65E0-4F57-B395-7A171D6AFA36}"
EndProject
Project("{9A19103F-16F7-4668-BE54-9A1E7A4F7556}") = "MyList.DAL", "MyList1.DAL\MyList.DAL\MyList.DAL.csproj", "{DE8D0973-C3C4-42E0-AEEB-D2F60DB99CA8}"
EndProject
Project("{9A19103F-16F7-4668-BE54-9A1E7A4F7556}") = "MyList.Test", "MyList1.Test\MyList.Test\MyList.Test.csproj", "{95D28F55-FDF9-420E-8F4B-736511E6FA77}"
EndProject
Global
	GlobalSection(SolutionConfigurationPlatforms) = preSolution
		Debug|Any CPU = Debug|Any CPU
		Release|Any CPU = Release|Any CPU
	EndGlobalSection
	GlobalSection(ProjectConfigurationPlatforms) = postSolution
		{B8407479-6894-4C8F-9A58-065B765C70CC}.Debug|Any CPU.ActiveCfg = Debug|Any CPU
		{B8407479-6894-4C8F-9A58-065B765C70CC}.Debug|Any CPU.Build.0 = Debug|Any CPU
		{B8407479-6894-4C8F-9A58-065B765C70CC}.Release|Any CPU.ActiveCfg = Release|Any CPU
		{B8407479-6894-4C8F-9A58-065B765C70CC}.Release|Any CPU.Build.0 = Release|Any CPU
		{F8B0606B-65E0-4F57-B395-7A171D6AFA36}.Debug|Any CPU.ActiveCfg = Debug|Any CPU
		{F8B0606B-65E0-4F57-B395-7A171D6AFA36}.Debug|Any CPU.Build.0 = Debug|Any CPU
		{F8B0606B-65E0-4F57-B395-7A171D6AFA36}.Release|Any CPU.ActiveCfg = Release|Any CPU
		{F8B0606B-65E0-4F57-B395-7A171D6AFA36}.Release|Any CPU.Build.0 = Release|Any CPU
		{DE8D0973-C3C4-42E0-AEEB-D2F60DB99CA8}.Debug|Any CPU.ActiveCfg = Debug|Any CPU
		{DE8D0973-C3C4-42E0-AEEB-D2F60DB99CA8}.Debug|Any CPU.Build.0 = Debug|Any CPU
		{DE8D0973-C3C4-42E0-AEEB-D2F60DB99CA8}.Release|Any CPU.ActiveCfg = Release|Any CPU
		{DE8D0973-C3C4-42E0-AEEB-D2F60DB99CA8}.Release|Any CPU.Build.0 = Release|Any CPU
		{95D28F55-FDF9-420E-8F4B-736511E6FA77}.Debug|Any CPU.ActiveCfg = Debug|Any CPU
		{95D28F55-FDF9-420E-8F4B-736511E6FA77}.Debug|Any CPU.Build.0 = Debug|Any CPU
		{95D28F55-FDF9-420E-8F4B-736511E6FA77}.Release|Any CPU.ActiveCfg = Release|Any CPU
		{95D28F55-FDF9-420E-8F4B-736511E6FA77}.Release|Any CPU.Build.0 = Release|Any CPU
	EndGlobalSection
	GlobalSection(SolutionProperties) = preSolution
		HideSolutionNode = FALSE
	EndGlobalSection
	GlobalSection(ExtensibilityGlobals) = postSolution
		SolutionGuid = {AE5D4BFD-519F-437E-A576-4B70970BF272}
	EndGlobalSection
EndGlobal
